
Microsoft Visual Studio Solution File, Format Version 12.00
# Visual Studio 2012
Project("{FAE04EC0-301F-11D3-BF4B-00C04F79EFBC}") = "voyager-server", "voyager-server\voyager-server.csproj", "{21984BB5-93A6-43B9-A5AC-F78ABEFD2509}"
EndProject
Project("{FAE04EC0-301F-11D3-BF4B-00C04F79EFBC}") = "voyager-lib", "voyager-lib\voyager-lib.csproj", "{D4582169-3EFA-4E9F-9E39-7E32B7B4FCA6}"
EndProject
Global
	GlobalSection(SolutionConfigurationPlatforms) = preSolution
		Debug|x86 = Debug|x86
		Release|x86 = Release|x86
	EndGlobalSection
	GlobalSection(ProjectConfigurationPlatforms) = postSolution
		{21984BB5-93A6-43B9-A5AC-F78ABEFD2509}.Debug|x86.ActiveCfg = Debug|x86
		{21984BB5-93A6-43B9-A5AC-F78ABEFD2509}.Debug|x86.Build.0 = Debug|x86
		{21984BB5-93A6-43B9-A5AC-F78ABEFD2509}.Release|x86.ActiveCfg = Release|x86
		{21984BB5-93A6-43B9-A5AC-F78ABEFD2509}.Release|x86.Build.0 = Release|x86
		{D4582169-3EFA-4E9F-9E39-7E32B7B4FCA6}.Debug|x86.ActiveCfg = Debug|Any CPU
		{D4582169-3EFA-4E9F-9E39-7E32B7B4FCA6}.Debug|x86.Build.0 = Debug|Any CPU
		{D4582169-3EFA-4E9F-9E39-7E32B7B4FCA6}.Release|x86.ActiveCfg = Release|Any CPU
		{D4582169-3EFA-4E9F-9E39-7E32B7B4FCA6}.Release|x86.Build.0 = Release|Any CPU
	EndGlobalSection
	GlobalSection(MonoDevelopProperties) = preSolution
		StartupItem = voyager-server\voyager-server.csproj
	EndGlobalSection
EndGlobal
